
Microsoft Visual Studio Solution File, Format Version 12.00
# Visual Studio 14
VisualStudioVersion = 14.0.24606.1
MinimumVisualStudioVersion = 10.0.40219.1
Project("{FAE04EC0-301F-11D3-BF4B-00C04F79EFBC}") = "mba-model", "mba-model\mba-model.csproj", "{920797AE-3B59-4295-8E48-FCF8318E3093}"
EndProject
Project("{FAE04EC0-301F-11D3-BF4B-00C04F79EFBC}") = "mba-services", "mba-services\mba-services.csproj", "{EBEEE260-B1FB-4034-B999-4746C6CF73DC}"
EndProject
Project("{FAE04EC0-301F-11D3-BF4B-00C04F79EFBC}") = "mba-client", "mba-client\mba-client.csproj", "{5BEDA75E-5655-4377-80B8-C99C97C6E6EC}"
	ProjectSection(ProjectDependencies) = postProject
		{EBEEE260-B1FB-4034-B999-4746C6CF73DC} = {EBEEE260-B1FB-4034-B999-4746C6CF73DC}
	EndProjectSection
EndProject
Global
	GlobalSection(SolutionConfigurationPlatforms) = preSolution
		Debug|Any CPU = Debug|Any CPU
		Release|Any CPU = Release|Any CPU
	EndGlobalSection
	GlobalSection(ProjectConfigurationPlatforms) = postSolution
		{920797AE-3B59-4295-8E48-FCF8318E3093}.Debug|Any CPU.ActiveCfg = Debug|Any CPU
		{920797AE-3B59-4295-8E48-FCF8318E3093}.Debug|Any CPU.Build.0 = Debug|Any CPU
		{920797AE-3B59-4295-8E48-FCF8318E3093}.Release|Any CPU.ActiveCfg = Release|Any CPU
		{920797AE-3B59-4295-8E48-FCF8318E3093}.Release|Any CPU.Build.0 = Release|Any CPU
		{EBEEE260-B1FB-4034-B999-4746C6CF73DC}.Debug|Any CPU.ActiveCfg = Debug|Any CPU
		{EBEEE260-B1FB-4034-B999-4746C6CF73DC}.Debug|Any CPU.Build.0 = Debug|Any CPU
		{EBEEE260-B1FB-4034-B999-4746C6CF73DC}.Release|Any CPU.ActiveCfg = Release|Any CPU
		{EBEEE260-B1FB-4034-B999-4746C6CF73DC}.Release|Any CPU.Build.0 = Release|Any CPU
		{5BEDA75E-5655-4377-80B8-C99C97C6E6EC}.Debug|Any CPU.ActiveCfg = Debug|Any CPU
		{5BEDA75E-5655-4377-80B8-C99C97C6E6EC}.Debug|Any CPU.Build.0 = Debug|Any CPU
		{5BEDA75E-5655-4377-80B8-C99C97C6E6EC}.Release|Any CPU.ActiveCfg = Release|Any CPU
		{5BEDA75E-5655-4377-80B8-C99C97C6E6EC}.Release|Any CPU.Build.0 = Release|Any CPU
	EndGlobalSection
	GlobalSection(SolutionProperties) = preSolution
		HideSolutionNode = FALSE
	EndGlobalSection
EndGlobal
